
Microsoft Visual Studio Solution File, Format Version 12.00
# Visual Studio Version 17
VisualStudioVersion = 17.14.36603.0 d17.14
MinimumVisualStudioVersion = 10.0.40219.1
Project("{FAE04EC0-301F-11D3-BF4B-00C04F79EFBC}") = "APISPROYECTOYATCHAY", "APISPROYECTOYATCHAY\APISPROYECTOYATCHAY.csproj", "{6EF30961-97D9-4E5E-838D-9D231D10D6BF}"
EndProject
Global
	GlobalSection(SolutionConfigurationPlatforms) = preSolution
		Debug|Any CPU = Debug|Any CPU
		Release|Any CPU = Release|Any CPU
	EndGlobalSection
	GlobalSection(ProjectConfigurationPlatforms) = postSolution
		{6EF30961-97D9-4E5E-838D-9D231D10D6BF}.Debug|Any CPU.ActiveCfg = Debug|Any CPU
		{6EF30961-97D9-4E5E-838D-9D231D10D6BF}.Debug|Any CPU.Build.0 = Debug|Any CPU
		{6EF30961-97D9-4E5E-838D-9D231D10D6BF}.Release|Any CPU.ActiveCfg = Release|Any CPU
		{6EF30961-97D9-4E5E-838D-9D231D10D6BF}.Release|Any CPU.Build.0 = Release|Any CPU
	EndGlobalSection
	GlobalSection(SolutionProperties) = preSolution
		HideSolutionNode = FALSE
	EndGlobalSection
	GlobalSection(ExtensibilityGlobals) = postSolution
		SolutionGuid = {6297FB22-90FB-4EBC-B9B4-9C125297E7A8}
	EndGlobalSection
EndGlobal
